
Microsoft Visual Studio Solution File, Format Version 12.00
# Visual Studio Version 17
VisualStudioVersion = 17.6.33801.468
MinimumVisualStudioVersion = 10.0.40219.1
Project("{FAE04EC0-301F-11D3-BF4B-00C04F79EFBC}") = "BKProyecto", "BKProyecto\BKProyecto.csproj", "{E71DE850-DC98-4E53-9E5E-5123ECD2B87F}"
EndProject
Project("{2150E333-8FDC-42A3-9474-1A3956D46DE8}") = "Solution Items", "Solution Items", "{B54A8045-0522-4EA0-9FCF-CD092A1FB27C}"
	ProjectSection(SolutionItems) = preProject
		.editorconfig = .editorconfig
	EndProjectSection
EndProject
Global
	GlobalSection(SolutionConfigurationPlatforms) = preSolution
		Debug|Any CPU = Debug|Any CPU
		Release|Any CPU = Release|Any CPU
	EndGlobalSection
	GlobalSection(ProjectConfigurationPlatforms) = postSolution
		{E71DE850-DC98-4E53-9E5E-5123ECD2B87F}.Debug|Any CPU.ActiveCfg = Debug|Any CPU
		{E71DE850-DC98-4E53-9E5E-5123ECD2B87F}.Debug|Any CPU.Build.0 = Debug|Any CPU
		{E71DE850-DC98-4E53-9E5E-5123ECD2B87F}.Release|Any CPU.ActiveCfg = Release|Any CPU
		{E71DE850-DC98-4E53-9E5E-5123ECD2B87F}.Release|Any CPU.Build.0 = Release|Any CPU
	EndGlobalSection
	GlobalSection(SolutionProperties) = preSolution
		HideSolutionNode = FALSE
	EndGlobalSection
	GlobalSection(ExtensibilityGlobals) = postSolution
		SolutionGuid = {07D17F4F-8C61-4993-877B-8EFB157C4F3B}
	EndGlobalSection
EndGlobal
